{
    "_readme": [
        "This file locks the dependencies of your project to a known state",
        "Read more about it at https://getcomposer.org/doc/01-basic-usage.md#composer-lock-the-lock-file",
        "This file is @generated automatically"
    ],
    "hash": "fcaca6e79664d45df52842cd5b12dd44",
    "packages": [
        {
            "name": "fire015/flintstone",
            "version": "v1.9.0",
            "source": {
                "type": "git",
                "url": "https://github.com/fire015/flintstone.git",
                "reference": "e590c6c8780b5c19b5d494e021094d63ea484fa8"
            },
            "dist": {
                "type": "zip",
                "url": "https://api.github.com/repos/fire015/flintstone/zipball/e590c6c8780b5c19b5d494e021094d63ea484fa8",
                "reference": "e590c6c8780b5c19b5d494e021094d63ea484fa8",
                "shasum": ""
            },
            "require": {
                "php": ">=5.3.0"
            },
            "require-dev": {
                "phpunit/phpunit": "~4.0"
            },
            "type": "library",
            "autoload": {
                "psr-4": {
                    "Flintstone\\": "src/Flintstone/"
                }
            },
            "notification-url": "https://packagist.org/downloads/",
            "license": [
                "MIT"
            ],
            "authors": [
                {
                    "name": "Jason M",
                    "email": "emailfire@gmail.com"
                }
            ],
            "description": "A key/value database store using flat files for PHP",
            "homepage": "http://www.xeweb.net/flintstone/",
            "keywords": [
                "cache",
                "database",
                "files",
                "flintstone",
                "memory"
            ],
            "time": "2015-03-25 16:58:57"
        }
    ],
    "packages-dev": [
        {
            "name": "heroku/heroku-buildpack-php",
            "version": "v68",
            "source": {
                "type": "git",
                "url": "https://github.com/heroku/heroku-buildpack-php.git",
                "reference": "04a7e4f82914744b261d7bae866c85926404964c"
            },
            "dist": {
                "type": "zip",
                "url": "https://api.github.com/repos/heroku/heroku-buildpack-php/zipball/04a7e4f82914744b261d7bae866c85926404964c",
                "reference": "04a7e4f82914744b261d7bae866c85926404964c",
                "shasum": ""
            },
            "bin": [
                "bin/heroku-hhvm-apache2",
                "bin/heroku-hhvm-nginx",
                "bin/heroku-php-apache2",
                "bin/heroku-php-nginx"
            ],
            "type": "library",
            "notification-url": "https://packagist.org/downloads/",
            "license": [
                "MIT"
            ],
            "authors": [
                {
                    "name": "David Zuelke",
                    "email": "dz@heroku.com"
                }
            ],
            "description": "Toolkit for starting a PHP application locally, with or without foreman, using the same config for PHP/HHVM and Apache2/Nginx as on Heroku",
            "homepage": "http://github.com/heroku/heroku-buildpack-php",
            "keywords": [
                "apache",
                "apache2",
                "foreman",
                "heroku",
                "hhvm",
                "nginx",
                "php"
            ],
            "time": "2015-05-18 14:24:40"
        }
    ],
    "aliases": [],
    "minimum-stability": "stable",
    "stability-flags": [],
    "prefer-stable": false,
    "prefer-lowest": false,
    "platform": [],
    "platform-dev": []
}
